
Microsoft Visual Studio Solution File, Format Version 12.00
# Visual Studio Version 17
VisualStudioVersion = 17.8.34316.72
MinimumVisualStudioVersion = 10.0.40219.1
Project("{FAE04EC0-301F-11D3-BF4B-00C04F79EFBC}") = "TerminalBotTest", "TerminalBotTest\TerminalBotTest.csproj", "{9991B43D-B763-41B6-AB6D-5E7C3544C3AE}"
EndProject
Global
	GlobalSection(SolutionConfigurationPlatforms) = preSolution
		Debug|Any CPU = Debug|Any CPU
		Release|Any CPU = Release|Any CPU
	EndGlobalSection
	GlobalSection(ProjectConfigurationPlatforms) = postSolution
		{9991B43D-B763-41B6-AB6D-5E7C3544C3AE}.Debug|Any CPU.ActiveCfg = Debug|Any CPU
		{9991B43D-B763-41B6-AB6D-5E7C3544C3AE}.Debug|Any CPU.Build.0 = Debug|Any CPU
		{9991B43D-B763-41B6-AB6D-5E7C3544C3AE}.Debug|Any CPU.Deploy.0 = Debug|Any CPU
		{9991B43D-B763-41B6-AB6D-5E7C3544C3AE}.Release|Any CPU.ActiveCfg = Release|Any CPU
		{9991B43D-B763-41B6-AB6D-5E7C3544C3AE}.Release|Any CPU.Build.0 = Release|Any CPU
		{9991B43D-B763-41B6-AB6D-5E7C3544C3AE}.Release|Any CPU.Deploy.0 = Release|Any CPU
	EndGlobalSection
	GlobalSection(SolutionProperties) = preSolution
		HideSolutionNode = FALSE
	EndGlobalSection
	GlobalSection(ExtensibilityGlobals) = postSolution
		SolutionGuid = {6B770BF8-AFA1-491D-A41C-94626C060073}
	EndGlobalSection
EndGlobal
